
Microsoft Visual Studio Solution File, Format Version 12.00
# Visual Studio Version 16
VisualStudioVersion = 16.0.29709.97
MinimumVisualStudioVersion = 10.0.40219.1
Project("{9A19103F-16F7-4668-BE54-9A1E7A4F7556}") = "SecretSplitter", "SecretSplitter\SecretSplitter.csproj", "{4D00E332-909A-40C2-ACE4-2A5652E177AB}"
EndProject
Project("{9A19103F-16F7-4668-BE54-9A1E7A4F7556}") = "Ssss", "Ssss\Ssss.csproj", "{66078722-54F0-4050-9ABA-0CA724222076}"
EndProject
Project("{9A19103F-16F7-4668-BE54-9A1E7A4F7556}") = "UnitTests", "UnitTests\UnitTests.csproj", "{28FE0854-E90B-48A9-81F1-A94A6CE3FD2D}"
EndProject
Project("{2150E333-8FDC-42A3-9474-1A3956D46DE8}") = "Solution Items", "Solution Items", "{8F35BEA3-BC2C-40DF-A570-34B99CDBA48E}"
	ProjectSection(SolutionItems) = preProject
		Compatibility.txt = Compatibility.txt
		License.txt = License.txt
		README.txt = README.txt
	EndProjectSection
EndProject
Project("{FAE04EC0-301F-11D3-BF4B-00C04F79EFBC}") = "SecretSplitterGui", "SecretSplitterGui\SecretSplitterGui.csproj", "{D18D06AD-3941-4923-B43C-517EC8FB178C}"
EndProject
Global
	GlobalSection(SolutionConfigurationPlatforms) = preSolution
		Debug|Any CPU = Debug|Any CPU
		Debug|Mixed Platforms = Debug|Mixed Platforms
		Debug|x86 = Debug|x86
		Release|Any CPU = Release|Any CPU
		Release|Mixed Platforms = Release|Mixed Platforms
		Release|x86 = Release|x86
	EndGlobalSection
	GlobalSection(ProjectConfigurationPlatforms) = postSolution
		{4D00E332-909A-40C2-ACE4-2A5652E177AB}.Debug|Any CPU.ActiveCfg = Debug|Any CPU
		{4D00E332-909A-40C2-ACE4-2A5652E177AB}.Debug|Any CPU.Build.0 = Debug|Any CPU
		{4D00E332-909A-40C2-ACE4-2A5652E177AB}.Debug|Mixed Platforms.ActiveCfg = Debug|Any CPU
		{4D00E332-909A-40C2-ACE4-2A5652E177AB}.Debug|Mixed Platforms.Build.0 = Debug|Any CPU
		{4D00E332-909A-40C2-ACE4-2A5652E177AB}.Debug|x86.ActiveCfg = Debug|Any CPU
		{4D00E332-909A-40C2-ACE4-2A5652E177AB}.Release|Any CPU.ActiveCfg = Release|Any CPU
		{4D00E332-909A-40C2-ACE4-2A5652E177AB}.Release|Any CPU.Build.0 = Release|Any CPU
		{4D00E332-909A-40C2-ACE4-2A5652E177AB}.Release|Mixed Platforms.ActiveCfg = Release|Any CPU
		{4D00E332-909A-40C2-ACE4-2A5652E177AB}.Release|Mixed Platforms.Build.0 = Release|Any CPU
		{4D00E332-909A-40C2-ACE4-2A5652E177AB}.Release|x86.ActiveCfg = Release|Any CPU
		{66078722-54F0-4050-9ABA-0CA724222076}.Debug|Any CPU.ActiveCfg = Debug|Any CPU
		{66078722-54F0-4050-9ABA-0CA724222076}.Debug|Any CPU.Build.0 = Debug|Any CPU
		{66078722-54F0-4050-9ABA-0CA724222076}.Debug|Mixed Platforms.ActiveCfg = Debug|Any CPU
		{66078722-54F0-4050-9ABA-0CA724222076}.Debug|Mixed Platforms.Build.0 = Debug|Any CPU
		{66078722-54F0-4050-9ABA-0CA724222076}.Debug|x86.ActiveCfg = Debug|Any CPU
		{66078722-54F0-4050-9ABA-0CA724222076}.Debug|x86.Build.0 = Debug|Any CPU
		{66078722-54F0-4050-9ABA-0CA724222076}.Release|Any CPU.ActiveCfg = Release|Any CPU
		{66078722-54F0-4050-9ABA-0CA724222076}.Release|Any CPU.Build.0 = Release|Any CPU
		{66078722-54F0-4050-9ABA-0CA724222076}.Release|Mixed Platforms.ActiveCfg = Release|Any CPU
		{66078722-54F0-4050-9ABA-0CA724222076}.Release|Mixed Platforms.Build.0 = Release|Any CPU
		{66078722-54F0-4050-9ABA-0CA724222076}.Release|x86.ActiveCfg = Release|Any CPU
		{66078722-54F0-4050-9ABA-0CA724222076}.Release|x86.Build.0 = Release|Any CPU
		{28FE0854-E90B-48A9-81F1-A94A6CE3FD2D}.Debug|Any CPU.ActiveCfg = Debug|Any CPU
		{28FE0854-E90B-48A9-81F1-A94A6CE3FD2D}.Debug|Any CPU.Build.0 = Debug|Any CPU
		{28FE0854-E90B-48A9-81F1-A94A6CE3FD2D}.Debug|Mixed Platforms.ActiveCfg = Debug|Any CPU
		{28FE0854-E90B-48A9-81F1-A94A6CE3FD2D}.Debug|Mixed Platforms.Build.0 = Debug|Any CPU
		{28FE0854-E90B-48A9-81F1-A94A6CE3FD2D}.Debug|x86.ActiveCfg = Debug|Any CPU
		{28FE0854-E90B-48A9-81F1-A94A6CE3FD2D}.Debug|x86.Build.0 = Debug|Any CPU
		{28FE0854-E90B-48A9-81F1-A94A6CE3FD2D}.Release|Any CPU.ActiveCfg = Release|Any CPU
		{28FE0854-E90B-48A9-81F1-A94A6CE3FD2D}.Release|Any CPU.Build.0 = Release|Any CPU
		{28FE0854-E90B-48A9-81F1-A94A6CE3FD2D}.Release|Mixed Platforms.ActiveCfg = Release|Any CPU
		{28FE0854-E90B-48A9-81F1-A94A6CE3FD2D}.Release|Mixed Platforms.Build.0 = Release|Any CPU
		{28FE0854-E90B-48A9-81F1-A94A6CE3FD2D}.Release|x86.ActiveCfg = Release|Any CPU
		{28FE0854-E90B-48A9-81F1-A94A6CE3FD2D}.Release|x86.Build.0 = Release|Any CPU
		{D18D06AD-3941-4923-B43C-517EC8FB178C}.Debug|Any CPU.ActiveCfg = Debug|Any CPU
		{D18D06AD-3941-4923-B43C-517EC8FB178C}.Debug|Any CPU.Build.0 = Debug|Any CPU
		{D18D06AD-3941-4923-B43C-517EC8FB178C}.Debug|Mixed Platforms.ActiveCfg = Debug|Any CPU
		{D18D06AD-3941-4923-B43C-517EC8FB178C}.Debug|Mixed Platforms.Build.0 = Debug|Any CPU
		{D18D06AD-3941-4923-B43C-517EC8FB178C}.Debug|x86.ActiveCfg = Debug|Any CPU
		{D18D06AD-3941-4923-B43C-517EC8FB178C}.Debug|x86.Build.0 = Debug|Any CPU
		{D18D06AD-3941-4923-B43C-517EC8FB178C}.Release|Any CPU.ActiveCfg = Release|Any CPU
		{D18D06AD-3941-4923-B43C-517EC8FB178C}.Release|Any CPU.Build.0 = Release|Any CPU
		{D18D06AD-3941-4923-B43C-517EC8FB178C}.Release|Mixed Platforms.ActiveCfg = Release|Any CPU
		{D18D06AD-3941-4923-B43C-517EC8FB178C}.Release|Mixed Platforms.Build.0 = Release|Any CPU
		{D18D06AD-3941-4923-B43C-517EC8FB178C}.Release|x86.ActiveCfg = Release|Any CPU
		{D18D06AD-3941-4923-B43C-517EC8FB178C}.Release|x86.Build.0 = Release|Any CPU
	EndGlobalSection
	GlobalSection(SolutionProperties) = preSolution
		HideSolutionNode = FALSE
	EndGlobalSection
	GlobalSection(ExtensibilityGlobals) = postSolution
		SolutionGuid = {071E8DE4-E43D-47B0-BF12-39C1C5484808}
	EndGlobalSection
	GlobalSection(TestCaseManagementSettings) = postSolution
		CategoryFile = SecretSplitter.vsmdi
	EndGlobalSection
EndGlobal
